
Microsoft Visual Studio Solution File, Format Version 12.00
# Visual Studio Version 17
VisualStudioVersion = 17.3.32804.467
MinimumVisualStudioVersion = 10.0.40219.1
Project("{9A19103F-16F7-4668-BE54-9A1E7A4F7556}") = "MyPrimerAPP", "MyPrimerAPP\MyPrimerAPP.csproj", "{C54A007E-A15A-446C-8F2D-C4E0519102E1}"
EndProject
Project("{9A19103F-16F7-4668-BE54-9A1E7A4F7556}") = "EstructurasCondicionales", "EstructurasCondicionales\EstructurasCondicionales.csproj", "{3F8B9848-C272-4B9C-A69C-792EC40D27DB}"
EndProject
Project("{9A19103F-16F7-4668-BE54-9A1E7A4F7556}") = "MayorEdad2", "MayorEdad2\MayorEdad2.csproj", "{4F6D30A4-6F8E-4791-89D5-C4CC1DB9E90C}"
EndProject
Project("{9A19103F-16F7-4668-BE54-9A1E7A4F7556}") = "CalculosCondicionales", "CalculosCondicionales\CalculosCondicionales.csproj", "{86CC3452-267C-43BF-9E44-82AC1A262B3D}"
EndProject
Project("{9A19103F-16F7-4668-BE54-9A1E7A4F7556}") = "MayorMenor", "MayorMenor\MayorMenor.csproj", "{987CCB80-1CD9-4F4F-880B-EF308F2F7E33}"
EndProject
Project("{9A19103F-16F7-4668-BE54-9A1E7A4F7556}") = "FuncionesCadena", "FuncionesCadena\FuncionesCadena.csproj", "{8C989589-374C-4B64-8168-DEF99550E817}"
EndProject
Project("{9A19103F-16F7-4668-BE54-9A1E7A4F7556}") = "EjemploFor", "EjemploFor\EjemploFor.csproj", "{A1CCD650-07A9-404C-89E9-948574D7AC2D}"
EndProject
Project("{9A19103F-16F7-4668-BE54-9A1E7A4F7556}") = "Funciones", "Funciones\Funciones.csproj", "{F7842E65-F743-49B1-8DA5-B3BC8A2D5A05}"
EndProject
Project("{9A19103F-16F7-4668-BE54-9A1E7A4F7556}") = "ObjetosClases", "ObjetosClases\ObjetosClases.csproj", "{0F589DEE-7CA0-4962-9AD0-9DA3D232C1FA}"
EndProject
Project("{9A19103F-16F7-4668-BE54-9A1E7A4F7556}") = "Herencia", "Herencia\Herencia.csproj", "{5028939B-E6C2-45BA-B82E-65B554B36C0E}"
EndProject
Project("{9A19103F-16F7-4668-BE54-9A1E7A4F7556}") = "AppBanco", "AppBanco\AppBanco.csproj", "{64089911-D465-418A-9125-6F1E5311485E}"
EndProject
Project("{9A19103F-16F7-4668-BE54-9A1E7A4F7556}") = "ListasBasicas", "ListasBasicas\ListasBasicas.csproj", "{0EDDBF98-A582-44D2-AB35-7876E71F6FF2}"
EndProject
Project("{9A19103F-16F7-4668-BE54-9A1E7A4F7556}") = "SistemaGestion", "SistemaGestion\SistemaGestion.csproj", "{8FB223F9-2CE9-4666-98F6-DC04B4715F08}"
EndProject
Project("{9A19103F-16F7-4668-BE54-9A1E7A4F7556}") = "SistemaGestionEF", "SistemaGestionEF\SistemaGestionEF.csproj", "{CB74CF5F-E1EB-42BC-B288-A421BF14585F}"
EndProject
Project("{9A19103F-16F7-4668-BE54-9A1E7A4F7556}") = "SistemaGestionAfter", "SistemaGestionAfter\SistemaGestionAfter.csproj", "{BB8EF96D-FE9E-4021-BDD1-B8745DB0A9D3}"
EndProject
Project("{9A19103F-16F7-4668-BE54-9A1E7A4F7556}") = "SistemaGestionEntityFramework", "SistemaGestionEntityFramework\SistemaGestionEntityFramework.csproj", "{1123852B-E3EC-4781-949A-78B42A3AE882}"
EndProject
Project("{9A19103F-16F7-4668-BE54-9A1E7A4F7556}") = "Listas", "Listas\Listas.csproj", "{5C94CEFD-BFCB-4D80-84FD-BDDA7356265B}"
EndProject
Project("{9A19103F-16F7-4668-BE54-9A1E7A4F7556}") = "AppDesktop", "AppDesktop\AppDesktop.csproj", "{3E28BC24-2EF2-4C63-84F0-3F77A3CD8E89}"
EndProject
Project("{9A19103F-16F7-4668-BE54-9A1E7A4F7556}") = "ControlAcceso", "ControlAcceso\ControlAcceso.csproj", "{D3974E01-F929-4CF5-9029-A64077AAF8EB}"
EndProject
Global
	GlobalSection(SolutionConfigurationPlatforms) = preSolution
		Debug|Any CPU = Debug|Any CPU
		Release|Any CPU = Release|Any CPU
	EndGlobalSection
	GlobalSection(ProjectConfigurationPlatforms) = postSolution
		{C54A007E-A15A-446C-8F2D-C4E0519102E1}.Debug|Any CPU.ActiveCfg = Debug|Any CPU
		{C54A007E-A15A-446C-8F2D-C4E0519102E1}.Debug|Any CPU.Build.0 = Debug|Any CPU
		{C54A007E-A15A-446C-8F2D-C4E0519102E1}.Release|Any CPU.ActiveCfg = Release|Any CPU
		{C54A007E-A15A-446C-8F2D-C4E0519102E1}.Release|Any CPU.Build.0 = Release|Any CPU
		{3F8B9848-C272-4B9C-A69C-792EC40D27DB}.Debug|Any CPU.ActiveCfg = Debug|Any CPU
		{3F8B9848-C272-4B9C-A69C-792EC40D27DB}.Debug|Any CPU.Build.0 = Debug|Any CPU
		{3F8B9848-C272-4B9C-A69C-792EC40D27DB}.Release|Any CPU.ActiveCfg = Release|Any CPU
		{3F8B9848-C272-4B9C-A69C-792EC40D27DB}.Release|Any CPU.Build.0 = Release|Any CPU
		{4F6D30A4-6F8E-4791-89D5-C4CC1DB9E90C}.Debug|Any CPU.ActiveCfg = Debug|Any CPU
		{4F6D30A4-6F8E-4791-89D5-C4CC1DB9E90C}.Debug|Any CPU.Build.0 = Debug|Any CPU
		{4F6D30A4-6F8E-4791-89D5-C4CC1DB9E90C}.Release|Any CPU.ActiveCfg = Release|Any CPU
		{4F6D30A4-6F8E-4791-89D5-C4CC1DB9E90C}.Release|Any CPU.Build.0 = Release|Any CPU
		{86CC3452-267C-43BF-9E44-82AC1A262B3D}.Debug|Any CPU.ActiveCfg = Debug|Any CPU
		{86CC3452-267C-43BF-9E44-82AC1A262B3D}.Debug|Any CPU.Build.0 = Debug|Any CPU
		{86CC3452-267C-43BF-9E44-82AC1A262B3D}.Release|Any CPU.ActiveCfg = Release|Any CPU
		{86CC3452-267C-43BF-9E44-82AC1A262B3D}.Release|Any CPU.Build.0 = Release|Any CPU
		{987CCB80-1CD9-4F4F-880B-EF308F2F7E33}.Debug|Any CPU.ActiveCfg = Debug|Any CPU
		{987CCB80-1CD9-4F4F-880B-EF308F2F7E33}.Debug|Any CPU.Build.0 = Debug|Any CPU
		{987CCB80-1CD9-4F4F-880B-EF308F2F7E33}.Release|Any CPU.ActiveCfg = Release|Any CPU
		{987CCB80-1CD9-4F4F-880B-EF308F2F7E33}.Release|Any CPU.Build.0 = Release|Any CPU
		{8C989589-374C-4B64-8168-DEF99550E817}.Debug|Any CPU.ActiveCfg = Debug|Any CPU
		{8C989589-374C-4B64-8168-DEF99550E817}.Debug|Any CPU.Build.0 = Debug|Any CPU
		{8C989589-374C-4B64-8168-DEF99550E817}.Release|Any CPU.ActiveCfg = Release|Any CPU
		{8C989589-374C-4B64-8168-DEF99550E817}.Release|Any CPU.Build.0 = Release|Any CPU
		{A1CCD650-07A9-404C-89E9-948574D7AC2D}.Debug|Any CPU.ActiveCfg = Debug|Any CPU
		{A1CCD650-07A9-404C-89E9-948574D7AC2D}.Debug|Any CPU.Build.0 = Debug|Any CPU
		{A1CCD650-07A9-404C-89E9-948574D7AC2D}.Release|Any CPU.ActiveCfg = Release|Any CPU
		{A1CCD650-07A9-404C-89E9-948574D7AC2D}.Release|Any CPU.Build.0 = Release|Any CPU
		{F7842E65-F743-49B1-8DA5-B3BC8A2D5A05}.Debug|Any CPU.ActiveCfg = Debug|Any CPU
		{F7842E65-F743-49B1-8DA5-B3BC8A2D5A05}.Debug|Any CPU.Build.0 = Debug|Any CPU
		{F7842E65-F743-49B1-8DA5-B3BC8A2D5A05}.Release|Any CPU.ActiveCfg = Release|Any CPU
		{F7842E65-F743-49B1-8DA5-B3BC8A2D5A05}.Release|Any CPU.Build.0 = Release|Any CPU
		{0F589DEE-7CA0-4962-9AD0-9DA3D232C1FA}.Debug|Any CPU.ActiveCfg = Debug|Any CPU
		{0F589DEE-7CA0-4962-9AD0-9DA3D232C1FA}.Debug|Any CPU.Build.0 = Debug|Any CPU
		{0F589DEE-7CA0-4962-9AD0-9DA3D232C1FA}.Release|Any CPU.ActiveCfg = Release|Any CPU
		{0F589DEE-7CA0-4962-9AD0-9DA3D232C1FA}.Release|Any CPU.Build.0 = Release|Any CPU
		{5028939B-E6C2-45BA-B82E-65B554B36C0E}.Debug|Any CPU.ActiveCfg = Debug|Any CPU
		{5028939B-E6C2-45BA-B82E-65B554B36C0E}.Debug|Any CPU.Build.0 = Debug|Any CPU
		{5028939B-E6C2-45BA-B82E-65B554B36C0E}.Release|Any CPU.ActiveCfg = Release|Any CPU
		{5028939B-E6C2-45BA-B82E-65B554B36C0E}.Release|Any CPU.Build.0 = Release|Any CPU
		{64089911-D465-418A-9125-6F1E5311485E}.Debug|Any CPU.ActiveCfg = Debug|Any CPU
		{64089911-D465-418A-9125-6F1E5311485E}.Debug|Any CPU.Build.0 = Debug|Any CPU
		{64089911-D465-418A-9125-6F1E5311485E}.Release|Any CPU.ActiveCfg = Release|Any CPU
		{64089911-D465-418A-9125-6F1E5311485E}.Release|Any CPU.Build.0 = Release|Any CPU
		{0EDDBF98-A582-44D2-AB35-7876E71F6FF2}.Debug|Any CPU.ActiveCfg = Debug|Any CPU
		{0EDDBF98-A582-44D2-AB35-7876E71F6FF2}.Debug|Any CPU.Build.0 = Debug|Any CPU
		{0EDDBF98-A582-44D2-AB35-7876E71F6FF2}.Release|Any CPU.ActiveCfg = Release|Any CPU
		{0EDDBF98-A582-44D2-AB35-7876E71F6FF2}.Release|Any CPU.Build.0 = Release|Any CPU
		{8FB223F9-2CE9-4666-98F6-DC04B4715F08}.Debug|Any CPU.ActiveCfg = Debug|Any CPU
		{8FB223F9-2CE9-4666-98F6-DC04B4715F08}.Debug|Any CPU.Build.0 = Debug|Any CPU
		{8FB223F9-2CE9-4666-98F6-DC04B4715F08}.Release|Any CPU.ActiveCfg = Release|Any CPU
		{8FB223F9-2CE9-4666-98F6-DC04B4715F08}.Release|Any CPU.Build.0 = Release|Any CPU
		{CB74CF5F-E1EB-42BC-B288-A421BF14585F}.Debug|Any CPU.ActiveCfg = Debug|Any CPU
		{CB74CF5F-E1EB-42BC-B288-A421BF14585F}.Debug|Any CPU.Build.0 = Debug|Any CPU
		{CB74CF5F-E1EB-42BC-B288-A421BF14585F}.Release|Any CPU.ActiveCfg = Release|Any CPU
		{CB74CF5F-E1EB-42BC-B288-A421BF14585F}.Release|Any CPU.Build.0 = Release|Any CPU
		{BB8EF96D-FE9E-4021-BDD1-B8745DB0A9D3}.Debug|Any CPU.ActiveCfg = Debug|Any CPU
		{BB8EF96D-FE9E-4021-BDD1-B8745DB0A9D3}.Debug|Any CPU.Build.0 = Debug|Any CPU
		{BB8EF96D-FE9E-4021-BDD1-B8745DB0A9D3}.Release|Any CPU.ActiveCfg = Release|Any CPU
		{BB8EF96D-FE9E-4021-BDD1-B8745DB0A9D3}.Release|Any CPU.Build.0 = Release|Any CPU
		{1123852B-E3EC-4781-949A-78B42A3AE882}.Debug|Any CPU.ActiveCfg = Debug|Any CPU
		{1123852B-E3EC-4781-949A-78B42A3AE882}.Debug|Any CPU.Build.0 = Debug|Any CPU
		{1123852B-E3EC-4781-949A-78B42A3AE882}.Release|Any CPU.ActiveCfg = Release|Any CPU
		{1123852B-E3EC-4781-949A-78B42A3AE882}.Release|Any CPU.Build.0 = Release|Any CPU
		{5C94CEFD-BFCB-4D80-84FD-BDDA7356265B}.Debug|Any CPU.ActiveCfg = Debug|Any CPU
		{5C94CEFD-BFCB-4D80-84FD-BDDA7356265B}.Debug|Any CPU.Build.0 = Debug|Any CPU
		{5C94CEFD-BFCB-4D80-84FD-BDDA7356265B}.Release|Any CPU.ActiveCfg = Release|Any CPU
		{5C94CEFD-BFCB-4D80-84FD-BDDA7356265B}.Release|Any CPU.Build.0 = Release|Any CPU
		{3E28BC24-2EF2-4C63-84F0-3F77A3CD8E89}.Debug|Any CPU.ActiveCfg = Debug|Any CPU
		{3E28BC24-2EF2-4C63-84F0-3F77A3CD8E89}.Debug|Any CPU.Build.0 = Debug|Any CPU
		{3E28BC24-2EF2-4C63-84F0-3F77A3CD8E89}.Release|Any CPU.ActiveCfg = Release|Any CPU
		{3E28BC24-2EF2-4C63-84F0-3F77A3CD8E89}.Release|Any CPU.Build.0 = Release|Any CPU
		{D3974E01-F929-4CF5-9029-A64077AAF8EB}.Debug|Any CPU.ActiveCfg = Debug|Any CPU
		{D3974E01-F929-4CF5-9029-A64077AAF8EB}.Debug|Any CPU.Build.0 = Debug|Any CPU
		{D3974E01-F929-4CF5-9029-A64077AAF8EB}.Release|Any CPU.ActiveCfg = Release|Any CPU
		{D3974E01-F929-4CF5-9029-A64077AAF8EB}.Release|Any CPU.Build.0 = Release|Any CPU
	EndGlobalSection
	GlobalSection(SolutionProperties) = preSolution
		HideSolutionNode = FALSE
	EndGlobalSection
	GlobalSection(ExtensibilityGlobals) = postSolution
		SolutionGuid = {13F5D1C6-3671-44A8-A96F-61386897284E}
	EndGlobalSection
EndGlobal
